
Microsoft Visual Studio Solution File, Format Version 12.00
# Visual Studio Version 17
VisualStudioVersion = 17.9.34616.47
MinimumVisualStudioVersion = 10.0.40219.1
Project("{9A19103F-16F7-4668-BE54-9A1E7A4F7556}") = "SoftwareCopyrightSourceCodeGenerator", "SoftwareCopyrightSourceCodeGenerator\SoftwareCopyrightSourceCodeGenerator.csproj", "{8B0668B2-6C34-45F9-868C-3A6B93E065D9}"
EndProject
Project("{9A19103F-16F7-4668-BE54-9A1E7A4F7556}") = "SoftwareCopyrightSourceCodeGenerator.Desktop", "SoftwareCopyrightSourceCodeGenerator.Desktop\SoftwareCopyrightSourceCodeGenerator.Desktop.csproj", "{9186ABDC-98D6-4F28-9F1C-112BE18C7F95}"
EndProject
Project("{9A19103F-16F7-4668-BE54-9A1E7A4F7556}") = "SoftwareCopyrightSourceCodeGenerator.Browser", "SoftwareCopyrightSourceCodeGenerator.Browser\SoftwareCopyrightSourceCodeGenerator.Browser.csproj", "{09A60DEB-92A9-4926-8E08-67DF13767514}"
EndProject
Global
	GlobalSection(SolutionConfigurationPlatforms) = preSolution
		Debug|Any CPU = Debug|Any CPU
		Release|Any CPU = Release|Any CPU
	EndGlobalSection
	GlobalSection(ProjectConfigurationPlatforms) = postSolution
		{8B0668B2-6C34-45F9-868C-3A6B93E065D9}.Debug|Any CPU.ActiveCfg = Debug|Any CPU
		{8B0668B2-6C34-45F9-868C-3A6B93E065D9}.Debug|Any CPU.Build.0 = Debug|Any CPU
		{8B0668B2-6C34-45F9-868C-3A6B93E065D9}.Release|Any CPU.ActiveCfg = Release|Any CPU
		{8B0668B2-6C34-45F9-868C-3A6B93E065D9}.Release|Any CPU.Build.0 = Release|Any CPU
		{9186ABDC-98D6-4F28-9F1C-112BE18C7F95}.Debug|Any CPU.ActiveCfg = Debug|Any CPU
		{9186ABDC-98D6-4F28-9F1C-112BE18C7F95}.Debug|Any CPU.Build.0 = Debug|Any CPU
		{9186ABDC-98D6-4F28-9F1C-112BE18C7F95}.Release|Any CPU.ActiveCfg = Release|Any CPU
		{9186ABDC-98D6-4F28-9F1C-112BE18C7F95}.Release|Any CPU.Build.0 = Release|Any CPU
		{09A60DEB-92A9-4926-8E08-67DF13767514}.Debug|Any CPU.ActiveCfg = Debug|Any CPU
		{09A60DEB-92A9-4926-8E08-67DF13767514}.Debug|Any CPU.Build.0 = Debug|Any CPU
		{09A60DEB-92A9-4926-8E08-67DF13767514}.Release|Any CPU.ActiveCfg = Release|Any CPU
		{09A60DEB-92A9-4926-8E08-67DF13767514}.Release|Any CPU.Build.0 = Release|Any CPU
	EndGlobalSection
	GlobalSection(SolutionProperties) = preSolution
		HideSolutionNode = FALSE
	EndGlobalSection
	GlobalSection(ExtensibilityGlobals) = postSolution
		SolutionGuid = {1FDF463E-CFE7-477B-94E8-5D38744ECC9A}
	EndGlobalSection
EndGlobal
